
Microsoft Visual Studio Solution File, Format Version 12.00
Project("{FAE04EC0-301F-11D3-BF4B-00C04F79EFBC}") = "NGOT.API", "src\WebApp\NGOT.API.csproj", "{F39A1316-A612-4BB6-BAF3-3DB9B85FFC84}"
EndProject
Project("{FAE04EC0-301F-11D3-BF4B-00C04F79EFBC}") = "NGOT.Infrastructure", "src\NGOT.Infrastructure\NGOT.Infrastructure.csproj", "{303E9C80-37D5-4BAB-8655-B9B30BA96CC5}"
EndProject
Project("{FAE04EC0-301F-11D3-BF4B-00C04F79EFBC}") = "NGOT.ApplicationCore", "src\ApplicationCore\NGOT.ApplicationCore.csproj", "{D2CF101F-E7D5-4CAB-8891-868ED1BB11BD}"
EndProject
Project("{FAE04EC0-301F-11D3-BF4B-00C04F79EFBC}") = "NGOT.Common", "src\NGOT.Common\NGOT.Common.csproj", "{54040FF4-FCAC-4B0A-8EF7-DB722A5B5ECB}"
EndProject
Project("{2150E333-8FDC-42A3-9474-1A3956D46DE8}") = "src", "src", "{A04AE2B8-AF93-4CA4-A5D7-D752EF14054E}"
EndProject
Project("{2150E333-8FDC-42A3-9474-1A3956D46DE8}") = "tests", "tests", "{DAAA26FC-FEBF-4798-B437-4D64055EFF38}"
EndProject
Project("{FAE04EC0-301F-11D3-BF4B-00C04F79EFBC}") = "NGOT.ApplicationCore.UnitTest", "tests\NGOT.ApplicationCore.UnitTest\NGOT.ApplicationCore.UnitTest.csproj", "{A776EB44-9ABD-4EB1-9663-769FFBDEA04B}"
EndProject
Project("{FAE04EC0-301F-11D3-BF4B-00C04F79EFBC}") = "NGOT.Infrastructure.UnitTest", "tests\NGOT.Infrastructure.UnitTest\NGOT.Infrastructure.UnitTest.csproj", "{B2557698-4357-45F7-B5CF-CED96F2462A3}"
EndProject
Global
	GlobalSection(SolutionConfigurationPlatforms) = preSolution
		Debug|Any CPU = Debug|Any CPU
		Release|Any CPU = Release|Any CPU
	EndGlobalSection
	GlobalSection(ProjectConfigurationPlatforms) = postSolution
		{F39A1316-A612-4BB6-BAF3-3DB9B85FFC84}.Debug|Any CPU.ActiveCfg = Debug|Any CPU
		{F39A1316-A612-4BB6-BAF3-3DB9B85FFC84}.Debug|Any CPU.Build.0 = Debug|Any CPU
		{F39A1316-A612-4BB6-BAF3-3DB9B85FFC84}.Release|Any CPU.ActiveCfg = Release|Any CPU
		{F39A1316-A612-4BB6-BAF3-3DB9B85FFC84}.Release|Any CPU.Build.0 = Release|Any CPU
		{303E9C80-37D5-4BAB-8655-B9B30BA96CC5}.Debug|Any CPU.ActiveCfg = Debug|Any CPU
		{303E9C80-37D5-4BAB-8655-B9B30BA96CC5}.Debug|Any CPU.Build.0 = Debug|Any CPU
		{303E9C80-37D5-4BAB-8655-B9B30BA96CC5}.Release|Any CPU.ActiveCfg = Release|Any CPU
		{303E9C80-37D5-4BAB-8655-B9B30BA96CC5}.Release|Any CPU.Build.0 = Release|Any CPU
		{D2CF101F-E7D5-4CAB-8891-868ED1BB11BD}.Debug|Any CPU.ActiveCfg = Debug|Any CPU
		{D2CF101F-E7D5-4CAB-8891-868ED1BB11BD}.Debug|Any CPU.Build.0 = Debug|Any CPU
		{D2CF101F-E7D5-4CAB-8891-868ED1BB11BD}.Release|Any CPU.ActiveCfg = Release|Any CPU
		{D2CF101F-E7D5-4CAB-8891-868ED1BB11BD}.Release|Any CPU.Build.0 = Release|Any CPU
		{54040FF4-FCAC-4B0A-8EF7-DB722A5B5ECB}.Debug|Any CPU.ActiveCfg = Debug|Any CPU
		{54040FF4-FCAC-4B0A-8EF7-DB722A5B5ECB}.Debug|Any CPU.Build.0 = Debug|Any CPU
		{54040FF4-FCAC-4B0A-8EF7-DB722A5B5ECB}.Release|Any CPU.ActiveCfg = Release|Any CPU
		{54040FF4-FCAC-4B0A-8EF7-DB722A5B5ECB}.Release|Any CPU.Build.0 = Release|Any CPU
		{A776EB44-9ABD-4EB1-9663-769FFBDEA04B}.Debug|Any CPU.ActiveCfg = Debug|Any CPU
		{A776EB44-9ABD-4EB1-9663-769FFBDEA04B}.Debug|Any CPU.Build.0 = Debug|Any CPU
		{A776EB44-9ABD-4EB1-9663-769FFBDEA04B}.Release|Any CPU.ActiveCfg = Release|Any CPU
		{A776EB44-9ABD-4EB1-9663-769FFBDEA04B}.Release|Any CPU.Build.0 = Release|Any CPU
		{B2557698-4357-45F7-B5CF-CED96F2462A3}.Debug|Any CPU.ActiveCfg = Debug|Any CPU
		{B2557698-4357-45F7-B5CF-CED96F2462A3}.Debug|Any CPU.Build.0 = Debug|Any CPU
		{B2557698-4357-45F7-B5CF-CED96F2462A3}.Release|Any CPU.ActiveCfg = Release|Any CPU
		{B2557698-4357-45F7-B5CF-CED96F2462A3}.Release|Any CPU.Build.0 = Release|Any CPU
	EndGlobalSection
	GlobalSection(NestedProjects) = preSolution
		{F39A1316-A612-4BB6-BAF3-3DB9B85FFC84} = {A04AE2B8-AF93-4CA4-A5D7-D752EF14054E}
		{D2CF101F-E7D5-4CAB-8891-868ED1BB11BD} = {A04AE2B8-AF93-4CA4-A5D7-D752EF14054E}
		{54040FF4-FCAC-4B0A-8EF7-DB722A5B5ECB} = {A04AE2B8-AF93-4CA4-A5D7-D752EF14054E}
		{303E9C80-37D5-4BAB-8655-B9B30BA96CC5} = {A04AE2B8-AF93-4CA4-A5D7-D752EF14054E}
		{A776EB44-9ABD-4EB1-9663-769FFBDEA04B} = {DAAA26FC-FEBF-4798-B437-4D64055EFF38}
		{B2557698-4357-45F7-B5CF-CED96F2462A3} = {DAAA26FC-FEBF-4798-B437-4D64055EFF38}
	EndGlobalSection
EndGlobal
